
Microsoft Visual Studio Solution File, Format Version 12.00
# Visual Studio Version 17
VisualStudioVersion = 17.0.32014.148
MinimumVisualStudioVersion = 10.0.40219.1
Project("{FAE04EC0-301F-11D3-BF4B-00C04F79EFBC}") = "CompressedRunLengthString", "CompressedRunLengthString\CompressedRunLengthString.csproj", "{655D4FF6-637F-41A2-AD8D-171A68D8BF5E}"
EndProject
Global
	GlobalSection(SolutionConfigurationPlatforms) = preSolution
		Debug|Any CPU = Debug|Any CPU
		Release|Any CPU = Release|Any CPU
	EndGlobalSection
	GlobalSection(ProjectConfigurationPlatforms) = postSolution
		{655D4FF6-637F-41A2-AD8D-171A68D8BF5E}.Debug|Any CPU.ActiveCfg = Debug|Any CPU
		{655D4FF6-637F-41A2-AD8D-171A68D8BF5E}.Debug|Any CPU.Build.0 = Debug|Any CPU
		{655D4FF6-637F-41A2-AD8D-171A68D8BF5E}.Release|Any CPU.ActiveCfg = Release|Any CPU
		{655D4FF6-637F-41A2-AD8D-171A68D8BF5E}.Release|Any CPU.Build.0 = Release|Any CPU
	EndGlobalSection
	GlobalSection(SolutionProperties) = preSolution
		HideSolutionNode = FALSE
	EndGlobalSection
	GlobalSection(ExtensibilityGlobals) = postSolution
		SolutionGuid = {2F5C81A7-66F8-4669-83C2-D6533B2EB7BD}
	EndGlobalSection
EndGlobal
